
Microsoft Visual Studio Solution File, Format Version 12.00
# Visual Studio 15
VisualStudioVersion = 15.0.27004.2010
MinimumVisualStudioVersion = 10.0.40219.1
Project("{9A19103F-16F7-4668-BE54-9A1E7A4F7556}") = "RESTfulTestAPI", "TestAPI\RESTfulTestAPI.csproj", "{FA4542AD-49E3-4755-A781-D7F335C372B2}"
EndProject
Project("{9A19103F-16F7-4668-BE54-9A1E7A4F7556}") = "RESTful", "RESTful\RESTful.csproj", "{BE655713-2385-4EBA-97A8-65017CD94457}"
EndProject
Project("{FAE04EC0-301F-11D3-BF4B-00C04F79EFBC}") = "RESTfulTestConsole", "RESTfulTest\RESTfulTestConsole.csproj", "{512806BC-6379-49C6-9A61-13431DE0123C}"
EndProject
Global
	GlobalSection(SolutionConfigurationPlatforms) = preSolution
		Debug|Any CPU = Debug|Any CPU
		Release|Any CPU = Release|Any CPU
	EndGlobalSection
	GlobalSection(ProjectConfigurationPlatforms) = postSolution
		{FA4542AD-49E3-4755-A781-D7F335C372B2}.Debug|Any CPU.ActiveCfg = Debug|Any CPU
		{FA4542AD-49E3-4755-A781-D7F335C372B2}.Debug|Any CPU.Build.0 = Debug|Any CPU
		{FA4542AD-49E3-4755-A781-D7F335C372B2}.Release|Any CPU.ActiveCfg = Release|Any CPU
		{FA4542AD-49E3-4755-A781-D7F335C372B2}.Release|Any CPU.Build.0 = Release|Any CPU
		{BE655713-2385-4EBA-97A8-65017CD94457}.Debug|Any CPU.ActiveCfg = Debug|Any CPU
		{BE655713-2385-4EBA-97A8-65017CD94457}.Debug|Any CPU.Build.0 = Debug|Any CPU
		{BE655713-2385-4EBA-97A8-65017CD94457}.Release|Any CPU.ActiveCfg = Release|Any CPU
		{BE655713-2385-4EBA-97A8-65017CD94457}.Release|Any CPU.Build.0 = Release|Any CPU
		{512806BC-6379-49C6-9A61-13431DE0123C}.Debug|Any CPU.ActiveCfg = Debug|Any CPU
		{512806BC-6379-49C6-9A61-13431DE0123C}.Debug|Any CPU.Build.0 = Debug|Any CPU
		{512806BC-6379-49C6-9A61-13431DE0123C}.Release|Any CPU.ActiveCfg = Release|Any CPU
		{512806BC-6379-49C6-9A61-13431DE0123C}.Release|Any CPU.Build.0 = Release|Any CPU
	EndGlobalSection
	GlobalSection(SolutionProperties) = preSolution
		HideSolutionNode = FALSE
	EndGlobalSection
	GlobalSection(ExtensibilityGlobals) = postSolution
		SolutionGuid = {D7C2FE01-11B2-4F0E-90BB-30E6C0DD9230}
	EndGlobalSection
EndGlobal
